
Microsoft Visual Studio Solution File, Format Version 12.00
# Visual Studio Version 17
VisualStudioVersion = 17.2.32630.192
MinimumVisualStudioVersion = 10.0.40219.1
Project("{9A19103F-16F7-4668-BE54-9A1E7A4F7556}") = "CSharpBasics", "Sofya_Huliuk_Application\CSharpBasics.csproj", "{B494ECCF-76D1-4809-BA32-3BB8413D2752}"
EndProject
Project("{9A19103F-16F7-4668-BE54-9A1E7A4F7556}") = "CSharpOOP", "CSharpOOP\CSharpOOP.csproj", "{D3147EBC-3001-4D3E-8A53-E1D940F7FBAC}"
EndProject
Project("{9A19103F-16F7-4668-BE54-9A1E7A4F7556}") = "CSharpOOP2", "CSharpOOP2\CSharpOOP2.csproj", "{9FC4DD5D-17E1-44E8-9262-02E944DA632F}"
EndProject
Project("{FAE04EC0-301F-11D3-BF4B-00C04F79EFBC}") = "CSharpLinq", "CSharpLinq\CSharpLinq.csproj", "{E1AF5C8A-7E18-4F78-897C-7D61D23C0A38}"
EndProject
Global
	GlobalSection(SolutionConfigurationPlatforms) = preSolution
		Debug|Any CPU = Debug|Any CPU
		Release|Any CPU = Release|Any CPU
	EndGlobalSection
	GlobalSection(ProjectConfigurationPlatforms) = postSolution
		{B494ECCF-76D1-4809-BA32-3BB8413D2752}.Debug|Any CPU.ActiveCfg = Debug|Any CPU
		{B494ECCF-76D1-4809-BA32-3BB8413D2752}.Debug|Any CPU.Build.0 = Debug|Any CPU
		{B494ECCF-76D1-4809-BA32-3BB8413D2752}.Release|Any CPU.ActiveCfg = Release|Any CPU
		{B494ECCF-76D1-4809-BA32-3BB8413D2752}.Release|Any CPU.Build.0 = Release|Any CPU
		{D3147EBC-3001-4D3E-8A53-E1D940F7FBAC}.Debug|Any CPU.ActiveCfg = Debug|Any CPU
		{D3147EBC-3001-4D3E-8A53-E1D940F7FBAC}.Debug|Any CPU.Build.0 = Debug|Any CPU
		{D3147EBC-3001-4D3E-8A53-E1D940F7FBAC}.Release|Any CPU.ActiveCfg = Release|Any CPU
		{D3147EBC-3001-4D3E-8A53-E1D940F7FBAC}.Release|Any CPU.Build.0 = Release|Any CPU
		{9FC4DD5D-17E1-44E8-9262-02E944DA632F}.Debug|Any CPU.ActiveCfg = Debug|Any CPU
		{9FC4DD5D-17E1-44E8-9262-02E944DA632F}.Debug|Any CPU.Build.0 = Debug|Any CPU
		{9FC4DD5D-17E1-44E8-9262-02E944DA632F}.Release|Any CPU.ActiveCfg = Release|Any CPU
		{9FC4DD5D-17E1-44E8-9262-02E944DA632F}.Release|Any CPU.Build.0 = Release|Any CPU
		{E1AF5C8A-7E18-4F78-897C-7D61D23C0A38}.Debug|Any CPU.ActiveCfg = Debug|Any CPU
		{E1AF5C8A-7E18-4F78-897C-7D61D23C0A38}.Debug|Any CPU.Build.0 = Debug|Any CPU
		{E1AF5C8A-7E18-4F78-897C-7D61D23C0A38}.Release|Any CPU.ActiveCfg = Release|Any CPU
		{E1AF5C8A-7E18-4F78-897C-7D61D23C0A38}.Release|Any CPU.Build.0 = Release|Any CPU
	EndGlobalSection
	GlobalSection(SolutionProperties) = preSolution
		HideSolutionNode = FALSE
	EndGlobalSection
	GlobalSection(ExtensibilityGlobals) = postSolution
		SolutionGuid = {DE51AFA6-F64A-402D-A03C-4BC7E019579F}
	EndGlobalSection
EndGlobal
