
Microsoft Visual Studio Solution File, Format Version 12.00
# Visual Studio Version 17
VisualStudioVersion = 17.2.32630.192
MinimumVisualStudioVersion = 10.0.40219.1
Project("{9A19103F-16F7-4668-BE54-9A1E7A4F7556}") = "CSharpBasics", "Sofya_Huliuk_Application\CSharpBasics.csproj", "{B494ECCF-76D1-4809-BA32-3BB8413D2752}"
EndProject
Global
	GlobalSection(SolutionConfigurationPlatforms) = preSolution
		Debug|Any CPU = Debug|Any CPU
		Release|Any CPU = Release|Any CPU
	EndGlobalSection
	GlobalSection(ProjectConfigurationPlatforms) = postSolution
		{B494ECCF-76D1-4809-BA32-3BB8413D2752}.Debug|Any CPU.ActiveCfg = Debug|Any CPU
		{B494ECCF-76D1-4809-BA32-3BB8413D2752}.Debug|Any CPU.Build.0 = Debug|Any CPU
		{B494ECCF-76D1-4809-BA32-3BB8413D2752}.Release|Any CPU.ActiveCfg = Release|Any CPU
		{B494ECCF-76D1-4809-BA32-3BB8413D2752}.Release|Any CPU.Build.0 = Release|Any CPU
	EndGlobalSection
	GlobalSection(SolutionProperties) = preSolution
		HideSolutionNode = FALSE
	EndGlobalSection
	GlobalSection(ExtensibilityGlobals) = postSolution
		SolutionGuid = {DE51AFA6-F64A-402D-A03C-4BC7E019579F}
	EndGlobalSection
EndGlobal
